
Microsoft Visual Studio Solution File, Format Version 12.00
# Visual Studio 15
VisualStudioVersion = 15.0.26228.4
MinimumVisualStudioVersion = 10.0.40219.1
Project("{8BC9CEB8-8B4A-11D0-8D11-00A0C91BC942}") = "express", "express\express.vcxproj", "{83C2EB72-E12B-48E8-B5CD-D3F452720210}"
EndProject
Project("{8BC9CEB8-8B4A-11D0-8D11-00A0C91BC942}") = "express_core", "express_core\express_core.vcxproj", "{FFBD6F7D-B1C3-4850-BD8F-FAFF7DD04F98}"
EndProject
Global
	GlobalSection(SolutionConfigurationPlatforms) = preSolution
		Debug|x64 = Debug|x64
		Debug|x86 = Debug|x86
		Release|x64 = Release|x64
		Release|x86 = Release|x86
	EndGlobalSection
	GlobalSection(ProjectConfigurationPlatforms) = postSolution
		{83C2EB72-E12B-48E8-B5CD-D3F452720210}.Debug|x64.ActiveCfg = Debug|x64
		{83C2EB72-E12B-48E8-B5CD-D3F452720210}.Debug|x64.Build.0 = Debug|x64
		{83C2EB72-E12B-48E8-B5CD-D3F452720210}.Debug|x86.ActiveCfg = Debug|Win32
		{83C2EB72-E12B-48E8-B5CD-D3F452720210}.Debug|x86.Build.0 = Debug|Win32
		{83C2EB72-E12B-48E8-B5CD-D3F452720210}.Release|x64.ActiveCfg = Release|x64
		{83C2EB72-E12B-48E8-B5CD-D3F452720210}.Release|x64.Build.0 = Release|x64
		{83C2EB72-E12B-48E8-B5CD-D3F452720210}.Release|x86.ActiveCfg = Release|Win32
		{83C2EB72-E12B-48E8-B5CD-D3F452720210}.Release|x86.Build.0 = Release|Win32
		{FFBD6F7D-B1C3-4850-BD8F-FAFF7DD04F98}.Debug|x64.ActiveCfg = Debug|x64
		{FFBD6F7D-B1C3-4850-BD8F-FAFF7DD04F98}.Debug|x64.Build.0 = Debug|x64
		{FFBD6F7D-B1C3-4850-BD8F-FAFF7DD04F98}.Debug|x86.ActiveCfg = Debug|Win32
		{FFBD6F7D-B1C3-4850-BD8F-FAFF7DD04F98}.Debug|x86.Build.0 = Debug|Win32
		{FFBD6F7D-B1C3-4850-BD8F-FAFF7DD04F98}.Release|x64.ActiveCfg = Release|x64
		{FFBD6F7D-B1C3-4850-BD8F-FAFF7DD04F98}.Release|x64.Build.0 = Release|x64
		{FFBD6F7D-B1C3-4850-BD8F-FAFF7DD04F98}.Release|x86.ActiveCfg = Release|Win32
		{FFBD6F7D-B1C3-4850-BD8F-FAFF7DD04F98}.Release|x86.Build.0 = Release|Win32
	EndGlobalSection
	GlobalSection(SolutionProperties) = preSolution
		HideSolutionNode = FALSE
	EndGlobalSection
EndGlobal
